
Microsoft Visual Studio Solution File, Format Version 12.00
# Visual Studio Version 17
VisualStudioVersion = 17.11.35303.130
MinimumVisualStudioVersion = 10.0.40219.1
Project("{FAE04EC0-301F-11D3-BF4B-00C04F79EFBC}") = "Laba2 C#", "Laba2 C#\Laba2 C#.csproj", "{157C8A50-9CBD-43C4-917C-5209EC16D726}"
EndProject
Global
	GlobalSection(SolutionConfigurationPlatforms) = preSolution
		Debug|Any CPU = Debug|Any CPU
		Release|Any CPU = Release|Any CPU
	EndGlobalSection
	GlobalSection(ProjectConfigurationPlatforms) = postSolution
		{157C8A50-9CBD-43C4-917C-5209EC16D726}.Debug|Any CPU.ActiveCfg = Debug|Any CPU
		{157C8A50-9CBD-43C4-917C-5209EC16D726}.Debug|Any CPU.Build.0 = Debug|Any CPU
		{157C8A50-9CBD-43C4-917C-5209EC16D726}.Release|Any CPU.ActiveCfg = Release|Any CPU
		{157C8A50-9CBD-43C4-917C-5209EC16D726}.Release|Any CPU.Build.0 = Release|Any CPU
	EndGlobalSection
	GlobalSection(SolutionProperties) = preSolution
		HideSolutionNode = FALSE
	EndGlobalSection
	GlobalSection(ExtensibilityGlobals) = postSolution
		SolutionGuid = {FFCFEC44-AA9D-4D86-BDE7-D3B3F645F293}
	EndGlobalSection
EndGlobal
